<Solution>
  <Folder Name="/src/">
    <Project Path="src/KJ.App/KJ.App.csproj">
      <Platform Project="x86" />
    </Project>
    <Project Path="src/KJ.Core/KJ.Core.csproj" />
    <Project Path="src/KJ.Diagnostics/KJ.Diagnostics.csproj" />
    <Project Path="src/KJ.Drivers.Abstractions/KJ.Drivers.Abstractions.csproj" />
    <Project Path="src/KJ.Drivers.Plc.Beckhoff.Ads/KJ.Drivers.Plc.Beckhoff.Ads.csproj" />
    <Project Path="src/KJ.Domain/KJ.Domain.csproj" />
    <Project Path="src/KJ.Drivers/KJ.Drivers.csproj" />
    <Project Path="src/KJ.Infrastructure/KJ.Infrastructure.csproj" />
    <Project Path="src/KJ.Infrastructure.Migrations.SqlServer/KJ.Infrastructure.Migrations.SqlServer.csproj" />
    <Project Path="src/KJ.Modules.Alarm/KJ.Modules.Alarm.csproj" />
    <Project Path="src/KJ.Modules.Auth/KJ.Modules.Auth.csproj" />
    <Project Path="src/KJ.Modules.Config/KJ.Modules.Config.csproj" />
    <Project Path="src/KJ.Modules.Monitoring/KJ.Modules.Monitoring.csproj" />
    <Project Path="src/KJ.Modules.Reporting/KJ.Modules.Reporting.csproj" />
    <Project Path="src/KJ.Modules.Core/KJ.Modules.Core.csproj" />
    <Project Path="src/KJ.Plugin.Contracts/KJ.Plugin.Contracts.csproj" />
    <Project Path="src/KJ.Plugin.Host/KJ.Plugin.Host.csproj" />
    <Project Path="src/KJ.WinUI.Docking/KJ.WinUI.Docking.csproj" />
    <Project Path="src/KJ.WinUI.Hosting/KJ.WinUI.Hosting.csproj" />
    <Project Path="src/KJ.Workflows/KJ.Workflows.csproj" />
  </Folder>
  <Folder Name="/samples/">
    <Project Path="samples/KJ.Plugin.Sample.WinForms/KJ.Plugin.Sample.WinForms.csproj" />
  </Folder>
  <Folder Name="/src/KJ.Modules.Monitoring.WinUI/">
    <Project Path="src/KJ.Modules.Monitoring.WinUI/KJ.Modules.Monitoring.csproj" />
  </Folder>
  <Folder Name="/tools/">
    <Project Path="tools/SeedHistory/SeedHistory.csproj" />
  </Folder>
  <Folder Name="/tests/">
    <Project Path="tests/KJ.Domain.Tests/KJ.Domain.Tests.csproj" />
    <Project Path="tests/KJ.Infrastructure.Tests/KJ.Infrastructure.Tests.csproj" />
    <Project Path="tests/KJ.Workflows.Tests/KJ.Workflows.Tests.csproj" />
    <Project Path="tests/KJ.Drivers.Tests/KJ.Drivers.Tests.csproj" />
    <Project Path="tests/KJ.Diagnostics.Tests/KJ.Diagnostics.Tests.csproj" />
    <Project Path="tests/KJ.Core.Tests/KJ.Core.Tests.csproj" />
  </Folder>
</Solution>
